<?xml version="1.0" encoding="UTF-8"?>
<CONFIG>
  <ProjectOptions>
    <Version Value="12"/>
    <PathDelim Value="\"/>
    <General>
      <Flags>
        <MainUnitHasCreateFormStatements Value="False"/>
        <MainUnitHasTitleStatement Value="False"/>
        <MainUnitHasScaledStatement Value="False"/>
        <CompatibilityMode Value="True"/>
      </Flags>
      <Title Value="g2mp_toolkit"/>
      <ResourceType Value="res"/>
      <UseXPManifest Value="True"/>
      <Icon Value="0"/>
    </General>
    <i18n>
      <EnableI18N LFM="False"/>
    </i18n>
    <BuildModes Count="3" Active="Default">
      <Item1 Name="Default" Default="True"/>
      <Item2 Name="Debug">
        <CompilerOptions>
          <Version Value="11"/>
          <PathDelim Value="\"/>
          <Target>
            <Filename Value="g2mp_toolkit"/>
          </Target>
          <SearchPaths>
            <IncludeFiles Value="$(ProjOutDir)"/>
            <OtherUnitFiles Value="..\..\source;..\..\source\box2d;..\..\source\Spine"/>
            <UnitOutputDirectory Value="lib\$(TargetCPU)-$(TargetOS)"/>
          </SearchPaths>
          <Parsing>
            <SyntaxOptions>
              <IncludeAssertionCode Value="True"/>
            </SyntaxOptions>
          </Parsing>
          <CodeGeneration>
            <Checks>
              <IOChecks Value="True"/>
              <RangeChecks Value="True"/>
              <OverflowChecks Value="True"/>
              <StackChecks Value="True"/>
            </Checks>
            <VerifyObjMethodCallValidity Value="True"/>
          </CodeGeneration>
          <Linking>
            <Debugging>
              <DebugInfoType Value="dsDwarf2Set"/>
              <UseHeaptrc Value="True"/>
              <TrashVariables Value="True"/>
              <UseExternalDbgSyms Value="True"/>
            </Debugging>
          </Linking>
          <Other>
            <ConfigFile>
              <WriteConfigFilePath Value="$(ProjOutDir)\fpclaz.cfg"/>
            </ConfigFile>
          </Other>
        </CompilerOptions>
      </Item2>
      <Item3 Name="Release">
        <CompilerOptions>
          <Version Value="11"/>
          <PathDelim Value="\"/>
          <Target>
            <Filename Value="g2mp_toolkit"/>
          </Target>
          <SearchPaths>
            <IncludeFiles Value="$(ProjOutDir)"/>
            <OtherUnitFiles Value="..\..\source;..\..\source\box2d;..\..\source\Spine"/>
            <UnitOutputDirectory Value="lib\$(TargetCPU)-$(TargetOS)"/>
          </SearchPaths>
          <CodeGeneration>
            <SmartLinkUnit Value="True"/>
            <Optimizations>
              <OptimizationLevel Value="3"/>
            </Optimizations>
          </CodeGeneration>
          <Linking>
            <Debugging>
              <GenerateDebugInfo Value="False"/>
            </Debugging>
            <LinkSmart Value="True"/>
          </Linking>
          <Other>
            <ConfigFile>
              <WriteConfigFilePath Value="$(ProjOutDir)\fpclaz.cfg"/>
            </ConfigFile>
          </Other>
        </CompilerOptions>
      </Item3>
    </BuildModes>
    <PublishOptions>
      <Version Value="2"/>
    </PublishOptions>
    <RunParams>
      <FormatVersion Value="2"/>
      <Modes Count="1">
        <Mode0 Name="default"/>
      </Modes>
    </RunParams>
    <RequiredPackages Count="1">
      <Item1>
        <PackageName Value="LCL"/>
      </Item1>
    </RequiredPackages>
    <Units Count="50">
      <Unit0>
        <Filename Value="g2mp_toolkit.lpr"/>
        <IsPartOfProject Value="True"/>
        <CursorPos X="26" Y="23"/>
        <UsageCount Value="211"/>
        <Loaded Value="True"/>
      </Unit0>
      <Unit1>
        <Filename Value="..\..\G2Math.pas"/>
        <TopLine Value="279"/>
        <CursorPos X="11" Y="286"/>
        <UsageCount Value="6"/>
      </Unit1>
      <Unit2>
        <Filename Value="res.pas"/>
        <IsPartOfProject Value="True"/>
        <EditorIndex Value="-1"/>
        <TopLine Value="4926"/>
        <CursorPos X="3" Y="4956"/>
        <UsageCount Value="226"/>
      </Unit2>
      <Unit3>
        <Filename Value="..\..\G2ImagePNG.pas"/>
        <TopLine Value="671"/>
        <CursorPos X="42" Y="681"/>
        <UsageCount Value="6"/>
      </Unit3>
      <Unit4>
        <Filename Value="Toolkit.pas"/>
        <IsVisibleTab Value="True"/>
        <EditorIndex Value="1"/>
        <TopLine Value="24302"/>
        <CursorPos X="7" Y="24325"/>
        <UsageCount Value="114"/>
        <Loaded Value="True"/>
      </Unit4>
      <Unit5>
        <Filename Value="C:\lazarus\components\lazutils\fileutil.pas"/>
        <UnitName Value="FileUtil"/>
        <EditorIndex Value="-1"/>
        <TopLine Value="202"/>
        <CursorPos X="27" Y="218"/>
        <UsageCount Value="97"/>
      </Unit5>
      <Unit6>
        <Filename Value="C:\lazarus\lcl\clipbrd.pp"/>
        <EditorIndex Value="-1"/>
        <TopLine Value="170"/>
        <CursorPos X="14" Y="185"/>
        <UsageCount Value="76"/>
      </Unit6>
      <Unit7>
        <Filename Value="C:\lazarus\lcl\include\clipbrd.inc"/>
        <EditorIndex Value="-1"/>
        <TopLine Value="94"/>
        <CursorPos X="3" Y="104"/>
        <UsageCount Value="76"/>
      </Unit7>
      <Unit8>
        <Filename Value="C:\lazarus\fpc\2.6.4\source\rtl\objpas\sysutils\filutilh.inc"/>
        <EditorIndex Value="-1"/>
        <TopLine Value="39"/>
        <CursorPos X="3" Y="56"/>
        <UsageCount Value="47"/>
      </Unit8>
      <Unit9>
        <Filename Value="C:\lazarus\lcl\dialogs.pp"/>
        <EditorIndex Value="-1"/>
        <TopLine Value="132"/>
        <CursorPos X="5" Y="155"/>
        <UsageCount Value="48"/>
      </Unit9>
      <Unit10>
        <Filename Value="C:\lazarus\fpc\2.6.4\source\rtl\objpas\math.pp"/>
        <EditorIndex Value="-1"/>
        <TopLine Value="682"/>
        <CursorPos X="44" Y="750"/>
        <UsageCount Value="47"/>
      </Unit10>
      <Unit11>
        <Filename Value="..\..\source\Gen2MP.pas"/>
        <EditorIndex Value="-1"/>
        <TopLine Value="9383"/>
        <CursorPos Y="9401"/>
        <UsageCount Value="100"/>
      </Unit11>
      <Unit12>
        <Filename Value="..\..\source\G2Utils.pas"/>
        <EditorIndex Value="-1"/>
        <TopLine Value="1168"/>
        <CursorPos X="15" Y="1183"/>
        <UsageCount Value="97"/>
      </Unit12>
      <Unit13>
        <Filename Value="..\..\source\G2Types.pas"/>
        <EditorIndex Value="2"/>
        <TopLine Value="312"/>
        <CursorPos X="28" Y="327"/>
        <UsageCount Value="103"/>
        <Loaded Value="True"/>
      </Unit13>
      <Unit14>
        <Filename Value="..\..\source\G2Math.pas"/>
        <EditorIndex Value="-1"/>
        <TopLine Value="27"/>
        <CursorPos X="14" Y="56"/>
        <UsageCount Value="100"/>
      </Unit14>
      <Unit15>
        <Filename Value="C:\lazarus\fpc\2.6.4\source\rtl\inc\objpas.inc"/>
        <EditorIndex Value="-1"/>
        <TopLine Value="351"/>
        <CursorPos X="12" Y="354"/>
        <UsageCount Value="92"/>
      </Unit15>
      <Unit16>
        <Filename Value="C:\lazarus\fpc\2.6.4\source\rtl\objpas\sysutils\diskh.inc"/>
        <EditorIndex Value="-1"/>
        <TopLine Value="2"/>
        <CursorPos X="10" Y="20"/>
        <UsageCount Value="47"/>
      </Unit16>
      <Unit17>
        <Filename Value="..\..\source\Gen2MP.inc"/>
        <EditorIndex Value="3"/>
        <CursorPos X="27" Y="4"/>
        <UsageCount Value="100"/>
        <Loaded Value="True"/>
      </Unit17>
      <Unit18>
        <Filename Value="..\..\source\G2Scene2D.pas"/>
        <EditorIndex Value="-1"/>
        <CursorPos X="45" Y="18"/>
        <UsageCount Value="100"/>
      </Unit18>
      <Unit19>
        <Filename Value="..\..\source\box2d\box2d.pas"/>
        <EditorIndex Value="-1"/>
        <TopLine Value="4849"/>
        <CursorPos X="83" Y="4865"/>
        <UsageCount Value="101"/>
      </Unit19>
      <Unit20>
        <Filename Value="..\..\source\G2DataManager.pas"/>
        <EditorIndex Value="-1"/>
        <TopLine Value="323"/>
        <CursorPos X="56" Y="338"/>
        <UsageCount Value="97"/>
      </Unit20>
      <Unit21>
        <Filename Value="..\..\source\G2ImagePNG.pas"/>
        <EditorIndex Value="-1"/>
        <TopLine Value="6"/>
        <CursorPos X="15" Y="25"/>
        <UsageCount Value="98"/>
      </Unit21>
      <Unit22>
        <Filename Value="C:\lazarus\fpc\2.6.4\source\rtl\inc\system.inc"/>
        <EditorIndex Value="-1"/>
        <UsageCount Value="80"/>
      </Unit22>
      <Unit23>
        <Filename Value="C:\lazarus\components\lazutils\fileutil.inc"/>
        <EditorIndex Value="-1"/>
        <TopLine Value="580"/>
        <CursorPos X="61" Y="616"/>
        <UsageCount Value="69"/>
      </Unit23>
      <Unit24>
        <Filename Value="..\..\source\G2MeshData.pas"/>
        <EditorIndex Value="-1"/>
        <TopLine Value="240"/>
        <CursorPos X="35" Y="256"/>
        <UsageCount Value="46"/>
      </Unit24>
      <Unit25>
        <Filename Value="..\..\source\G2MeshG2M.pas"/>
        <EditorIndex Value="-1"/>
        <UsageCount Value="100"/>
      </Unit25>
      <Unit26>
        <Filename Value="C:\lazarus\fpc\2.6.4\source\rtl\objpas\sysutils\finah.inc"/>
        <EditorIndex Value="-1"/>
        <TopLine Value="8"/>
        <CursorPos X="10" Y="27"/>
        <UsageCount Value="37"/>
      </Unit26>
      <Unit27>
        <Filename Value="C:\lazarus\fpc\2.6.4\source\rtl\inc\objpash.inc"/>
        <EditorIndex Value="-1"/>
        <TopLine Value="208"/>
        <CursorPos X="21" Y="196"/>
        <UsageCount Value="92"/>
      </Unit27>
      <Unit28>
        <Filename Value="..\..\source\G2Image.pas"/>
        <EditorIndex Value="-1"/>
        <TopLine Value="397"/>
        <CursorPos X="24" Y="418"/>
        <UsageCount Value="99"/>
      </Unit28>
      <Unit29>
        <Filename Value="C:\lazarus\fpc\2.6.4\source\rtl\objpas\sysutils\syspchh.inc"/>
        <EditorIndex Value="-1"/>
        <TopLine Value="7"/>
        <CursorPos X="10" Y="38"/>
        <UsageCount Value="4"/>
      </Unit29>
      <Unit30>
        <Filename Value="C:\lazarus\fpc\2.6.4\source\rtl\objpas\sysutils\syspch.inc"/>
        <EditorIndex Value="-1"/>
        <TopLine Value="19"/>
        <CursorPos X="3" Y="35"/>
        <UsageCount Value="4"/>
      </Unit30>
      <Unit31>
        <Filename Value="C:\lazarus\lcl\lcltype.pp"/>
        <EditorIndex Value="-1"/>
        <TopLine Value="2662"/>
        <CursorPos X="3" Y="2676"/>
        <UsageCount Value="77"/>
      </Unit31>
      <Unit32>
        <Filename Value="C:\lazarus\lcl\include\filedialog.inc"/>
        <EditorIndex Value="-1"/>
        <TopLine Value="37"/>
        <CursorPos Y="53"/>
        <UsageCount Value="37"/>
      </Unit32>
      <Unit33>
        <Filename Value="C:\lazarus\lcl\include\commondialog.inc"/>
        <EditorIndex Value="-1"/>
        <TopLine Value="15"/>
        <CursorPos Y="30"/>
        <UsageCount Value="37"/>
      </Unit33>
      <Unit34>
        <Filename Value="C:\lazarus\lcl\interfaces\win32\win32wsdialogs.pp"/>
        <EditorIndex Value="-1"/>
        <TopLine Value="59"/>
        <CursorPos X="21" Y="75"/>
        <UsageCount Value="37"/>
      </Unit34>
      <Unit35>
        <Filename Value="C:\lazarus\components\lazutils\winlazfileutils.inc"/>
        <EditorIndex Value="-1"/>
        <TopLine Value="572"/>
        <CursorPos X="44" Y="596"/>
        <UsageCount Value="2"/>
      </Unit35>
      <Unit36>
        <Filename Value="..\..\source\spine\G2Spine.pas"/>
        <EditorIndex Value="-1"/>
        <TopLine Value="27"/>
        <CursorPos Y="42"/>
        <UsageCount Value="100"/>
      </Unit36>
      <Unit37>
        <Filename Value="..\..\source\spine\Spine.pas"/>
        <EditorIndex Value="-1"/>
        <TopLine Value="472"/>
        <CursorPos X="24" Y="490"/>
        <UsageCount Value="100"/>
      </Unit37>
      <Unit38>
        <Filename Value="..\..\source\G2Audio.pas"/>
        <EditorIndex Value="-1"/>
        <CursorPos X="12" Y="6"/>
        <UsageCount Value="97"/>
      </Unit38>
      <Unit39>
        <Filename Value="..\..\source\G2AndroidBinding.pas"/>
        <EditorIndex Value="-1"/>
        <TopLine Value="219"/>
        <CursorPos X="44" Y="211"/>
        <UsageCount Value="37"/>
      </Unit39>
      <Unit40>
        <Filename Value="C:\lazarus\components\lazutils\utf8process.pp"/>
        <UnitName Value="UTF8Process"/>
        <EditorIndex Value="-1"/>
        <TopLine Value="228"/>
        <CursorPos Y="247"/>
        <UsageCount Value="51"/>
      </Unit40>
      <Unit41>
        <Filename Value="C:\lazarus\fpc\2.6.4\source\packages\fcl-process\src\process.pp"/>
        <EditorIndex Value="-1"/>
        <TopLine Value="11"/>
        <CursorPos X="85" Y="32"/>
        <UsageCount Value="24"/>
      </Unit41>
      <Unit42>
        <Filename Value="C:\lazarus\fpc\3.0.0\source\packages\fcl-process\src\process.pp"/>
        <EditorIndex Value="-1"/>
        <TopLine Value="129"/>
        <CursorPos X="14" Y="143"/>
        <UsageCount Value="23"/>
      </Unit42>
      <Unit43>
        <Filename Value="..\..\source\G2OpenGL.pas"/>
        <EditorIndex Value="-1"/>
        <TopLine Value="658"/>
        <CursorPos X="9" Y="686"/>
        <UsageCount Value="20"/>
      </Unit43>
      <Unit44>
        <Filename Value="C:\lazarus\fpc\3.0.0\source\rtl\objpas\classes\classesh.inc"/>
        <EditorIndex Value="-1"/>
        <TopLine Value="665"/>
        <CursorPos X="15" Y="683"/>
        <UsageCount Value="15"/>
      </Unit44>
      <Unit45>
        <Filename Value="C:\lazarus\fpc\3.0.0\source\rtl\objpas\classes\stringl.inc"/>
        <EditorIndex Value="-1"/>
        <TopLine Value="910"/>
        <CursorPos X="3" Y="926"/>
        <UsageCount Value="15"/>
      </Unit45>
      <Unit46>
        <Filename Value="C:\lazarus\fpc\3.0.4\source\rtl\inc\typshrdh.inc"/>
        <EditorIndex Value="-1"/>
        <TopLine Value="130"/>
        <CursorPos X="23" Y="158"/>
        <UsageCount Value="11"/>
      </Unit46>
      <Unit47>
        <Filename Value="..\..\..\..\..\..\..\home\dan\pascal\lazarus\lcl\dialogs.pp"/>
        <UnitName Value="Dialogs"/>
        <EditorIndex Value="-1"/>
        <TopLine Value="291"/>
        <CursorPos X="24" Y="306"/>
        <UsageCount Value="10"/>
      </Unit47>
      <Unit48>
        <Filename Value="..\..\..\..\..\..\..\home\dan\pascal\lazarus\lcl\graphics.pp"/>
        <UnitName Value="Graphics"/>
        <EditorIndex Value="-1"/>
        <TopLine Value="1896"/>
        <CursorPos X="21" Y="1921"/>
        <UsageCount Value="10"/>
      </Unit48>
      <Unit49>
        <Filename Value="..\..\..\..\..\..\..\home\dan\pascal\lazarus\components\lazutils\graphtype.pp"/>
        <UnitName Value="GraphType"/>
        <EditorIndex Value="-1"/>
        <TopLine Value="599"/>
        <CursorPos X="20" Y="624"/>
        <UsageCount Value="10"/>
      </Unit49>
    </Units>
    <JumpHistory Count="14" HistoryIndex="13">
      <Position1>
        <Filename Value="g2mp_toolkit.lpr"/>
        <Caret Line="23" Column="26"/>
      </Position1>
      <Position2>
        <Filename Value="Toolkit.pas"/>
        <Caret Line="10775" Column="20" TopLine="10759"/>
      </Position2>
      <Position3>
        <Filename Value="Toolkit.pas"/>
        <Caret Line="10775" Column="22" TopLine="10760"/>
      </Position3>
      <Position4>
        <Filename Value="Toolkit.pas"/>
        <Caret Line="1394" Column="9" TopLine="1379"/>
      </Position4>
      <Position5>
        <Filename Value="..\..\source\G2Types.pas"/>
        <Caret Line="205" Column="17" TopLine="187"/>
      </Position5>
      <Position6>
        <Filename Value="..\..\source\G2Types.pas"/>
        <Caret Line="204" Column="33"/>
      </Position6>
      <Position7>
        <Filename Value="Toolkit.pas"/>
        <Caret Line="1394" Column="9"/>
      </Position7>
      <Position8>
        <Filename Value="..\..\source\G2Types.pas"/>
        <Caret Line="207" Column="18" TopLine="190"/>
      </Position8>
      <Position9>
        <Filename Value="..\..\source\G2Types.pas"/>
        <Caret Line="328" Column="3" TopLine="315"/>
      </Position9>
      <Position10>
        <Filename Value="..\..\source\G2Types.pas"/>
        <Caret Line="207" Column="14" TopLine="190"/>
      </Position10>
      <Position11>
        <Filename Value="..\..\source\G2Types.pas"/>
        <Caret Line="329" Column="24" TopLine="314"/>
      </Position11>
      <Position12>
        <Filename Value="..\..\source\G2Types.pas"/>
        <Caret Line="327" Column="28" TopLine="312"/>
      </Position12>
      <Position13>
        <Filename Value="Toolkit.pas"/>
        <Caret Line="10775" Column="35" TopLine="10760"/>
      </Position13>
      <Position14>
        <Filename Value="Toolkit.pas"/>
        <Caret Line="11684" Column="43" TopLine="11666"/>
      </Position14>
    </JumpHistory>
  </ProjectOptions>
  <CompilerOptions>
    <Version Value="11"/>
    <PathDelim Value="\"/>
    <Target>
      <Filename Value="g2mp_toolkit"/>
    </Target>
    <SearchPaths>
      <IncludeFiles Value="$(ProjOutDir)"/>
      <OtherUnitFiles Value="..\..\source;..\..\source\box2d;..\..\source\spine"/>
      <UnitOutputDirectory Value="lib\$(TargetCPU)-$(TargetOS)"/>
    </SearchPaths>
    <Linking>
      <Debugging>
        <DebugInfoType Value="dsDwarf2Set"/>
      </Debugging>
    </Linking>
    <Other>
      <ConfigFile>
        <WriteConfigFilePath Value="$(ProjOutDir)\fpclaz.cfg"/>
      </ConfigFile>
    </Other>
  </CompilerOptions>
  <Debugging>
    <BreakPoints Count="2">
      <Item1>
        <Kind Value="bpkSource"/>
        <WatchScope Value="wpsLocal"/>
        <WatchKind Value="wpkWrite"/>
        <Source Value="..\..\source\G2Scene2D.pas"/>
        <Line Value="2905"/>
      </Item1>
      <Item2>
        <Kind Value="bpkSource"/>
        <WatchScope Value="wpsLocal"/>
        <WatchKind Value="wpkWrite"/>
        <Source Value="..\..\source\G2Scene2D.pas"/>
        <Line Value="1840"/>
      </Item2>
    </BreakPoints>
    <Exceptions Count="3">
      <Item1>
        <Name Value="EAbort"/>
      </Item1>
      <Item2>
        <Name Value="ECodetoolError"/>
      </Item2>
      <Item3>
        <Name Value="EFOpenError"/>
      </Item3>
    </Exceptions>
  </Debugging>
</CONFIG>
