<?xml version="1.0" encoding="UTF-8"?>
<CONFIG>
  <ProjectOptions>
    <Version Value="9"/>
    <PathDelim Value="\"/>
    <General>
      <Flags>
        <MainUnitHasCreateFormStatements Value="False"/>
        <MainUnitHasTitleStatement Value="False"/>
      </Flags>
      <MainUnit Value="0"/>
      <Title Value="g2mp_toolkit"/>
      <ResourceType Value="res"/>
      <UseXPManifest Value="True"/>
      <Icon Value="0"/>
    </General>
    <i18n>
      <EnableI18N LFM="False"/>
    </i18n>
    <VersionInfo>
      <StringTable ProductVersion=""/>
    </VersionInfo>
    <BuildModes Count="1" Active="Default">
      <Item1 Name="Default" Default="True"/>
    </BuildModes>
    <PublishOptions>
      <Version Value="2"/>
      <IncludeFileFilter Value="*.(pas|pp|inc|lfm|lpr|lrs|lpi|lpk|sh|xml)"/>
      <ExcludeFileFilter Value="*.(bak|ppu|o|so);*~;backup"/>
    </PublishOptions>
    <RunParams>
      <local>
        <FormatVersion Value="1"/>
      </local>
    </RunParams>
    <RequiredPackages Count="1">
      <Item1>
        <PackageName Value="LCL"/>
      </Item1>
    </RequiredPackages>
    <Units Count="41">
      <Unit0>
        <Filename Value="g2mp_toolkit.lpr"/>
        <IsPartOfProject Value="True"/>
        <CursorPos X="31" Y="25"/>
        <UsageCount Value="211"/>
        <Loaded Value="True"/>
      </Unit0>
      <Unit1>
        <Filename Value="..\..\Gen2MP.pas"/>
        <TopLine Value="4375"/>
        <CursorPos Y="4396"/>
        <UsageCount Value="1"/>
      </Unit1>
      <Unit2>
        <Filename Value="..\..\G2Math.pas"/>
        <TopLine Value="279"/>
        <CursorPos X="11" Y="286"/>
        <UsageCount Value="18"/>
      </Unit2>
      <Unit3>
        <Filename Value="res.pas"/>
        <IsPartOfProject Value="True"/>
        <UnitName Value="res"/>
        <EditorIndex Value="18"/>
        <TopLine Value="4809"/>
        <CursorPos Y="4932"/>
        <UsageCount Value="226"/>
        <Loaded Value="True"/>
      </Unit3>
      <Unit4>
        <Filename Value="..\..\G2Image.pas"/>
        <TopLine Value="489"/>
        <CursorPos X="19" Y="509"/>
        <UsageCount Value="11"/>
      </Unit4>
      <Unit5>
        <Filename Value="..\..\G2ImagePNG.pas"/>
        <TopLine Value="671"/>
        <CursorPos X="42" Y="681"/>
        <UsageCount Value="8"/>
      </Unit5>
      <Unit6>
        <Filename Value="Toolkit.pas"/>
        <UnitName Value="Toolkit"/>
        <IsVisibleTab Value="True"/>
        <EditorIndex Value="1"/>
        <TopLine Value="30506"/>
        <CursorPos X="68" Y="30532"/>
        <UsageCount Value="114"/>
        <Loaded Value="True"/>
      </Unit6>
      <Unit7>
        <Filename Value="C:\lazarus\components\lazutils\fileutil.pas"/>
        <EditorIndex Value="-1"/>
        <TopLine Value="212"/>
        <CursorPos X="10" Y="229"/>
        <UsageCount Value="59"/>
      </Unit7>
      <Unit8>
        <Filename Value="C:\lazarus\lcl\clipbrd.pp"/>
        <EditorIndex Value="-1"/>
        <TopLine Value="170"/>
        <CursorPos X="14" Y="185"/>
        <UsageCount Value="88"/>
      </Unit8>
      <Unit9>
        <Filename Value="C:\lazarus\lcl\include\clipbrd.inc"/>
        <EditorIndex Value="-1"/>
        <TopLine Value="94"/>
        <CursorPos X="3" Y="104"/>
        <UsageCount Value="88"/>
      </Unit9>
      <Unit10>
        <Filename Value="C:\lazarus\fpc\2.6.4\source\rtl\objpas\sysutils\filutilh.inc"/>
        <EditorIndex Value="-1"/>
        <TopLine Value="39"/>
        <CursorPos X="3" Y="56"/>
        <UsageCount Value="59"/>
      </Unit10>
      <Unit11>
        <Filename Value="C:\lazarus\lcl\dialogs.pp"/>
        <EditorIndex Value="-1"/>
        <TopLine Value="132"/>
        <CursorPos X="5" Y="155"/>
        <UsageCount Value="60"/>
      </Unit11>
      <Unit12>
        <Filename Value="C:\lazarus\fpc\2.6.4\source\rtl\objpas\math.pp"/>
        <EditorIndex Value="-1"/>
        <TopLine Value="682"/>
        <CursorPos X="44" Y="750"/>
        <UsageCount Value="59"/>
      </Unit12>
      <Unit13>
        <Filename Value="..\..\source\Gen2MP.pas"/>
        <UnitName Value="Gen2MP"/>
        <EditorIndex Value="14"/>
        <TopLine Value="5985"/>
        <CursorPos X="40" Y="6007"/>
        <UsageCount Value="100"/>
        <Loaded Value="True"/>
      </Unit13>
      <Unit14>
        <Filename Value="..\..\source\G2Utils.pas"/>
        <UnitName Value="G2Utils"/>
        <EditorIndex Value="11"/>
        <TopLine Value="591"/>
        <CursorPos X="5" Y="606"/>
        <UsageCount Value="100"/>
        <Loaded Value="True"/>
      </Unit14>
      <Unit15>
        <Filename Value="..\..\source\G2Types.pas"/>
        <UnitName Value="G2Types"/>
        <EditorIndex Value="8"/>
        <TopLine Value="256"/>
        <CursorPos X="17" Y="274"/>
        <UsageCount Value="103"/>
        <Loaded Value="True"/>
      </Unit15>
      <Unit16>
        <Filename Value="..\..\source\G2Math.pas"/>
        <UnitName Value="G2Math"/>
        <EditorIndex Value="7"/>
        <TopLine Value="1371"/>
        <CursorPos Y="1386"/>
        <UsageCount Value="100"/>
        <Loaded Value="True"/>
      </Unit16>
      <Unit17>
        <Filename Value="C:\lazarus\fpc\2.6.4\source\rtl\inc\objpas.inc"/>
        <EditorIndex Value="10"/>
        <TopLine Value="351"/>
        <CursorPos X="12" Y="354"/>
        <UsageCount Value="100"/>
        <Loaded Value="True"/>
      </Unit17>
      <Unit18>
        <Filename Value="C:\lazarus\fpc\2.6.4\source\rtl\objpas\sysutils\diskh.inc"/>
        <EditorIndex Value="-1"/>
        <TopLine Value="2"/>
        <CursorPos X="10" Y="20"/>
        <UsageCount Value="59"/>
      </Unit18>
      <Unit19>
        <Filename Value="..\..\source\Gen2MP.inc"/>
        <EditorIndex Value="17"/>
        <CursorPos X="45" Y="6"/>
        <UsageCount Value="100"/>
        <Loaded Value="True"/>
      </Unit19>
      <Unit20>
        <Filename Value="..\..\source\G2Scene2D.pas"/>
        <UnitName Value="G2Scene2D"/>
        <EditorIndex Value="2"/>
        <TopLine Value="2003"/>
        <CursorPos X="54" Y="2023"/>
        <UsageCount Value="100"/>
        <Loaded Value="True"/>
      </Unit20>
      <Unit21>
        <Filename Value="..\..\source\box2d\box2d.pas"/>
        <UnitName Value="box2d"/>
        <EditorIndex Value="6"/>
        <TopLine Value="4976"/>
        <CursorPos X="32" Y="4993"/>
        <UsageCount Value="101"/>
        <Loaded Value="True"/>
      </Unit21>
      <Unit22>
        <Filename Value="..\..\source\G2DataManager.pas"/>
        <UnitName Value="G2DataManager"/>
        <EditorIndex Value="12"/>
        <TopLine Value="1132"/>
        <CursorPos X="18" Y="1143"/>
        <UsageCount Value="100"/>
        <Loaded Value="True"/>
      </Unit22>
      <Unit23>
        <Filename Value="..\..\source\G2ImagePNG.pas"/>
        <UnitName Value="G2ImagePNG"/>
        <EditorIndex Value="16"/>
        <TopLine Value="6"/>
        <CursorPos X="15" Y="25"/>
        <UsageCount Value="101"/>
        <Loaded Value="True"/>
      </Unit23>
      <Unit24>
        <Filename Value="C:\lazarus\fpc\2.6.4\source\rtl\inc\system.inc"/>
        <EditorIndex Value="-1"/>
        <UsageCount Value="92"/>
      </Unit24>
      <Unit25>
        <Filename Value="C:\lazarus\components\lazutils\fileutil.inc"/>
        <EditorIndex Value="-1"/>
        <TopLine Value="601"/>
        <CursorPos X="32" Y="619"/>
        <UsageCount Value="59"/>
      </Unit25>
      <Unit26>
        <Filename Value="..\..\source\G2MeshData.pas"/>
        <EditorIndex Value="-1"/>
        <TopLine Value="240"/>
        <CursorPos X="35" Y="256"/>
        <UsageCount Value="58"/>
      </Unit26>
      <Unit27>
        <Filename Value="..\..\source\G2MeshG2M.pas"/>
        <UnitName Value="G2MeshG2M"/>
        <EditorIndex Value="5"/>
        <CursorPos X="76" Y="24"/>
        <UsageCount Value="100"/>
        <Loaded Value="True"/>
      </Unit27>
      <Unit28>
        <Filename Value="C:\lazarus\fpc\2.6.4\source\rtl\objpas\sysutils\finah.inc"/>
        <EditorIndex Value="-1"/>
        <TopLine Value="8"/>
        <CursorPos X="10" Y="27"/>
        <UsageCount Value="49"/>
      </Unit28>
      <Unit29>
        <Filename Value="C:\lazarus\fpc\2.6.4\source\rtl\inc\objpash.inc"/>
        <EditorIndex Value="9"/>
        <TopLine Value="208"/>
        <CursorPos X="21" Y="196"/>
        <UsageCount Value="81"/>
        <Loaded Value="True"/>
      </Unit29>
      <Unit30>
        <Filename Value="..\..\source\G2Image.pas"/>
        <UnitName Value="G2Image"/>
        <EditorIndex Value="15"/>
        <TopLine Value="52"/>
        <CursorPos X="15" Y="47"/>
        <UsageCount Value="102"/>
        <Loaded Value="True"/>
      </Unit30>
      <Unit31>
        <Filename Value="C:\lazarus\fpc\2.6.4\source\rtl\objpas\sysutils\syspchh.inc"/>
        <EditorIndex Value="-1"/>
        <TopLine Value="7"/>
        <CursorPos X="10" Y="38"/>
        <UsageCount Value="6"/>
      </Unit31>
      <Unit32>
        <Filename Value="C:\lazarus\fpc\2.6.4\source\rtl\objpas\sysutils\syspch.inc"/>
        <EditorIndex Value="-1"/>
        <TopLine Value="19"/>
        <CursorPos X="3" Y="35"/>
        <UsageCount Value="6"/>
      </Unit32>
      <Unit33>
        <Filename Value="C:\lazarus\lcl\lcltype.pp"/>
        <EditorIndex Value="-1"/>
        <TopLine Value="2662"/>
        <CursorPos X="3" Y="2676"/>
        <UsageCount Value="89"/>
      </Unit33>
      <Unit34>
        <Filename Value="C:\lazarus\lcl\include\filedialog.inc"/>
        <EditorIndex Value="-1"/>
        <TopLine Value="37"/>
        <CursorPos Y="53"/>
        <UsageCount Value="49"/>
      </Unit34>
      <Unit35>
        <Filename Value="C:\lazarus\lcl\include\commondialog.inc"/>
        <EditorIndex Value="-1"/>
        <TopLine Value="15"/>
        <CursorPos Y="30"/>
        <UsageCount Value="49"/>
      </Unit35>
      <Unit36>
        <Filename Value="C:\lazarus\lcl\interfaces\win32\win32wsdialogs.pp"/>
        <EditorIndex Value="-1"/>
        <TopLine Value="59"/>
        <CursorPos X="21" Y="75"/>
        <UsageCount Value="49"/>
      </Unit36>
      <Unit37>
        <Filename Value="C:\lazarus\components\lazutils\winlazfileutils.inc"/>
        <EditorIndex Value="-1"/>
        <TopLine Value="572"/>
        <CursorPos X="44" Y="596"/>
        <UsageCount Value="14"/>
      </Unit37>
      <Unit38>
        <Filename Value="..\..\source\spine\G2Spine.pas"/>
        <UnitName Value="G2Spine"/>
        <EditorIndex Value="4"/>
        <TopLine Value="27"/>
        <CursorPos X="49" Y="42"/>
        <UsageCount Value="64"/>
        <Loaded Value="True"/>
      </Unit38>
      <Unit39>
        <Filename Value="..\..\source\spine\Spine.pas"/>
        <UnitName Value="Spine"/>
        <EditorIndex Value="3"/>
        <TopLine Value="1179"/>
        <CursorPos X="7" Y="1197"/>
        <UsageCount Value="63"/>
        <Loaded Value="True"/>
      </Unit39>
      <Unit40>
        <Filename Value="..\..\source\G2Audio.pas"/>
        <UnitName Value="G2Audio"/>
        <EditorIndex Value="13"/>
        <CursorPos X="12" Y="6"/>
        <UsageCount Value="51"/>
        <Loaded Value="True"/>
      </Unit40>
    </Units>
    <JumpHistory Count="30" HistoryIndex="29">
      <Position1>
        <Filename Value="..\..\source\G2Utils.pas"/>
        <Caret Line="51" Column="14" TopLine="32"/>
      </Position1>
      <Position2>
        <Filename Value="..\..\source\G2Utils.pas"/>
        <Caret Line="76" Column="14" TopLine="58"/>
      </Position2>
      <Position3>
        <Filename Value="..\..\source\G2Utils.pas"/>
        <Caret Line="611" Column="6" TopLine="596"/>
      </Position3>
      <Position4>
        <Filename Value="..\..\source\G2Utils.pas"/>
        <Caret Line="77" Column="17" TopLine="52"/>
      </Position4>
      <Position5>
        <Filename Value="..\..\source\G2Utils.pas"/>
        <Caret Line="613" Column="3" TopLine="599"/>
      </Position5>
      <Position6>
        <Filename Value="Toolkit.pas"/>
        <Caret Line="17072" Column="22" TopLine="17053"/>
      </Position6>
      <Position7>
        <Filename Value="Toolkit.pas"/>
        <Caret Line="22428" Column="17" TopLine="22409"/>
      </Position7>
      <Position8>
        <Filename Value="Toolkit.pas"/>
        <Caret Line="22628" Column="17" TopLine="22609"/>
      </Position8>
      <Position9>
        <Filename Value="Toolkit.pas"/>
        <Caret Line="24199" Column="16" TopLine="24180"/>
      </Position9>
      <Position10>
        <Filename Value="Toolkit.pas"/>
        <Caret Line="30523" Column="15" TopLine="30504"/>
      </Position10>
      <Position11>
        <Filename Value="Toolkit.pas"/>
        <Caret Line="30623" Column="17" TopLine="30604"/>
      </Position11>
      <Position12>
        <Filename Value="Toolkit.pas"/>
        <Caret Line="30628" Column="17" TopLine="30609"/>
      </Position12>
      <Position13>
        <Filename Value="Toolkit.pas"/>
        <Caret Line="86" Column="29" TopLine="68"/>
      </Position13>
      <Position14>
        <Filename Value="Toolkit.pas"/>
        <Caret Line="8967" Column="25" TopLine="8950"/>
      </Position14>
      <Position15>
        <Filename Value="..\..\source\Gen2MP.pas"/>
        <Caret Line="714" Column="45" TopLine="695"/>
      </Position15>
      <Position16>
        <Filename Value="Toolkit.pas"/>
        <Caret Line="1000" Column="25" TopLine="981"/>
      </Position16>
      <Position17>
        <Filename Value="Toolkit.pas"/>
        <Caret Line="3900" Column="15" TopLine="3882"/>
      </Position17>
      <Position18>
        <Filename Value="Toolkit.pas"/>
        <Caret Line="4006" Column="73" TopLine="3993"/>
      </Position18>
      <Position19>
        <Filename Value="..\..\source\G2Scene2D.pas"/>
        <Caret Line="896" Column="15" TopLine="787"/>
      </Position19>
      <Position20>
        <Filename Value="..\..\source\G2Scene2D.pas"/>
        <Caret Line="290" Column="33" TopLine="262"/>
      </Position20>
      <Position21>
        <Filename Value="..\..\source\G2Scene2D.pas"/>
        <Caret Line="274" Column="41" TopLine="266"/>
      </Position21>
      <Position22>
        <Filename Value="Toolkit.pas"/>
        <Caret Line="3915" Column="41" TopLine="3894"/>
      </Position22>
      <Position23>
        <Filename Value="Toolkit.pas"/>
        <Caret Line="2020" Column="15" TopLine="1983"/>
      </Position23>
      <Position24>
        <Filename Value="Toolkit.pas"/>
        <Caret Line="30443" Column="27" TopLine="30416"/>
      </Position24>
      <Position25>
        <Filename Value="Toolkit.pas"/>
        <Caret Line="15146" Column="13" TopLine="15123"/>
      </Position25>
      <Position26>
        <Filename Value="Toolkit.pas"/>
        <Caret Line="15154" TopLine="15131"/>
      </Position26>
      <Position27>
        <Filename Value="..\..\source\G2Scene2D.pas"/>
        <Caret Line="300" Column="22" TopLine="281"/>
      </Position27>
      <Position28>
        <Filename Value="Toolkit.pas"/>
        <Caret Line="15157" TopLine="15142"/>
      </Position28>
      <Position29>
        <Filename Value="Toolkit.pas"/>
        <Caret Line="15197" Column="30" TopLine="15177"/>
      </Position29>
      <Position30>
        <Filename Value="Toolkit.pas"/>
        <Caret Line="3926" Column="26" TopLine="3908"/>
      </Position30>
    </JumpHistory>
  </ProjectOptions>
  <CompilerOptions>
    <Version Value="11"/>
    <PathDelim Value="\"/>
    <Target>
      <Filename Value="g2mp_toolkit"/>
    </Target>
    <SearchPaths>
      <IncludeFiles Value="$(ProjOutDir)"/>
      <OtherUnitFiles Value="..\..\source;..\..\source\box2d;..\..\source\Spine"/>
      <UnitOutputDirectory Value="lib\$(TargetCPU)-$(TargetOS)"/>
    </SearchPaths>
    <Linking>
      <Options>
        <Win32>
          <GraphicApplication Value="True"/>
        </Win32>
      </Options>
    </Linking>
  </CompilerOptions>
  <Debugging>
    <Exceptions Count="3">
      <Item1>
        <Name Value="EAbort"/>
      </Item1>
      <Item2>
        <Name Value="ECodetoolError"/>
      </Item2>
      <Item3>
        <Name Value="EFOpenError"/>
      </Item3>
    </Exceptions>
  </Debugging>
</CONFIG>
