<?xml version="1.0" encoding="UTF-8"?>
<CONFIG>
  <ProjectOptions>
    <Version Value="9"/>
    <PathDelim Value="\"/>
    <General>
      <Flags>
        <MainUnitHasCreateFormStatements Value="False"/>
        <MainUnitHasTitleStatement Value="False"/>
      </Flags>
      <MainUnit Value="0"/>
      <Title Value="g2mp_toolkit"/>
      <ResourceType Value="res"/>
      <UseXPManifest Value="True"/>
      <Icon Value="0"/>
    </General>
    <i18n>
      <EnableI18N LFM="False"/>
    </i18n>
    <VersionInfo>
      <StringTable ProductVersion=""/>
    </VersionInfo>
    <BuildModes Count="1" Active="Default">
      <Item1 Name="Default" Default="True"/>
    </BuildModes>
    <PublishOptions>
      <Version Value="2"/>
      <IncludeFileFilter Value="*.(pas|pp|inc|lfm|lpr|lrs|lpi|lpk|sh|xml)"/>
      <ExcludeFileFilter Value="*.(bak|ppu|o|so);*~;backup"/>
    </PublishOptions>
    <RunParams>
      <local>
        <FormatVersion Value="1"/>
      </local>
    </RunParams>
    <RequiredPackages Count="1">
      <Item1>
        <PackageName Value="LCL"/>
      </Item1>
    </RequiredPackages>
    <Units Count="43">
      <Unit0>
        <Filename Value="g2mp_toolkit.lpr"/>
        <IsPartOfProject Value="True"/>
        <TopLine Value="9"/>
        <CursorPos X="63" Y="24"/>
        <UsageCount Value="211"/>
        <Loaded Value="True"/>
      </Unit0>
      <Unit1>
        <Filename Value="..\..\Gen2MP.pas"/>
        <TopLine Value="4375"/>
        <CursorPos Y="4396"/>
        <UsageCount Value="32"/>
      </Unit1>
      <Unit2>
        <Filename Value="..\..\G2Math.pas"/>
        <TopLine Value="279"/>
        <CursorPos X="11" Y="286"/>
        <UsageCount Value="49"/>
      </Unit2>
      <Unit3>
        <Filename Value="..\..\G2DataManager.pas"/>
        <TopLine Value="1081"/>
        <CursorPos Y="1115"/>
        <UsageCount Value="29"/>
      </Unit3>
      <Unit4>
        <Filename Value="res.pas"/>
        <IsPartOfProject Value="True"/>
        <UnitName Value="res"/>
        <EditorIndex Value="16"/>
        <TopLine Value="4809"/>
        <CursorPos Y="4932"/>
        <UsageCount Value="226"/>
        <Loaded Value="True"/>
      </Unit4>
      <Unit5>
        <Filename Value="..\..\G2Utils.pas"/>
        <TopLine Value="202"/>
        <CursorPos X="14" Y="222"/>
        <UsageCount Value="20"/>
      </Unit5>
      <Unit6>
        <Filename Value="..\..\G2Image.pas"/>
        <TopLine Value="489"/>
        <CursorPos X="19" Y="509"/>
        <UsageCount Value="42"/>
      </Unit6>
      <Unit7>
        <Filename Value="..\..\G2ImagePNG.pas"/>
        <TopLine Value="671"/>
        <CursorPos X="42" Y="681"/>
        <UsageCount Value="39"/>
      </Unit7>
      <Unit8>
        <Filename Value="..\..\G2Types.pas"/>
        <TopLine Value="323"/>
        <CursorPos Y="346"/>
        <UsageCount Value="29"/>
      </Unit8>
      <Unit9>
        <Filename Value="Builder.pas"/>
        <TopLine Value="2455"/>
        <CursorPos X="72" Y="2466"/>
        <UsageCount Value="2"/>
      </Unit9>
      <Unit10>
        <Filename Value="C:\lazarus\fpc\2.6.2\source\rtl\inc\systemh.inc"/>
        <TopLine Value="507"/>
        <CursorPos X="11" Y="526"/>
        <UsageCount Value="30"/>
      </Unit10>
      <Unit11>
        <Filename Value="C:\lazarus\fpc\2.6.2\source\rtl\win\wininc\messages.inc"/>
        <TopLine Value="1036"/>
        <CursorPos X="6" Y="1055"/>
        <UsageCount Value="12"/>
      </Unit11>
      <Unit12>
        <Filename Value="Toolkit.pas"/>
        <UnitName Value="Toolkit"/>
        <IsVisibleTab Value="True"/>
        <EditorIndex Value="1"/>
        <TopLine Value="25092"/>
        <CursorPos X="38" Y="25115"/>
        <UsageCount Value="114"/>
        <Loaded Value="True"/>
      </Unit12>
      <Unit13>
        <Filename Value="C:\lazarus\components\lazutils\fileutil.pas"/>
        <EditorIndex Value="-1"/>
        <TopLine Value="212"/>
        <CursorPos X="10" Y="229"/>
        <UsageCount Value="90"/>
      </Unit13>
      <Unit14>
        <Filename Value="C:\lazarus\lcl\clipbrd.pp"/>
        <UnitName Value="Clipbrd"/>
        <EditorIndex Value="2"/>
        <TopLine Value="170"/>
        <CursorPos X="14" Y="185"/>
        <UsageCount Value="106"/>
        <Loaded Value="True"/>
      </Unit14>
      <Unit15>
        <Filename Value="C:\lazarus\lcl\include\clipbrd.inc"/>
        <EditorIndex Value="3"/>
        <TopLine Value="94"/>
        <CursorPos X="3" Y="104"/>
        <UsageCount Value="106"/>
        <Loaded Value="True"/>
      </Unit15>
      <Unit16>
        <Filename Value="C:\lazarus\fpc\2.6.4\source\rtl\objpas\sysutils\filutilh.inc"/>
        <EditorIndex Value="-1"/>
        <TopLine Value="39"/>
        <CursorPos X="3" Y="56"/>
        <UsageCount Value="90"/>
      </Unit16>
      <Unit17>
        <Filename Value="C:\lazarus\lcl\dialogs.pp"/>
        <EditorIndex Value="-1"/>
        <TopLine Value="132"/>
        <CursorPos X="5" Y="155"/>
        <UsageCount Value="91"/>
      </Unit17>
      <Unit18>
        <Filename Value="C:\lazarus\fpc\2.6.4\source\rtl\objpas\math.pp"/>
        <EditorIndex Value="-1"/>
        <TopLine Value="682"/>
        <CursorPos X="44" Y="750"/>
        <UsageCount Value="90"/>
      </Unit18>
      <Unit19>
        <Filename Value="..\..\source\Gen2MP.pas"/>
        <UnitName Value="Gen2MP"/>
        <EditorIndex Value="11"/>
        <TopLine Value="181"/>
        <CursorPos X="3" Y="199"/>
        <UsageCount Value="100"/>
        <Loaded Value="True"/>
      </Unit19>
      <Unit20>
        <Filename Value="..\..\source\G2Utils.pas"/>
        <UnitName Value="G2Utils"/>
        <EditorIndex Value="10"/>
        <TopLine Value="94"/>
        <CursorPos X="42" Y="114"/>
        <UsageCount Value="100"/>
        <Loaded Value="True"/>
      </Unit20>
      <Unit21>
        <Filename Value="..\..\source\G2Types.pas"/>
        <UnitName Value="G2Types"/>
        <EditorIndex Value="9"/>
        <TopLine Value="206"/>
        <CursorPos X="5" Y="209"/>
        <UsageCount Value="103"/>
        <Loaded Value="True"/>
      </Unit21>
      <Unit22>
        <Filename Value="..\..\source\G2Math.pas"/>
        <UnitName Value="G2Math"/>
        <EditorIndex Value="8"/>
        <TopLine Value="457"/>
        <CursorPos X="10" Y="394"/>
        <UsageCount Value="100"/>
        <Loaded Value="True"/>
      </Unit22>
      <Unit23>
        <Filename Value="C:\lazarus\fpc\2.6.4\source\rtl\inc\objpas.inc"/>
        <EditorIndex Value="-1"/>
        <UsageCount Value="90"/>
      </Unit23>
      <Unit24>
        <Filename Value="C:\lazarus\fpc\2.6.4\source\rtl\objpas\sysutils\diskh.inc"/>
        <EditorIndex Value="-1"/>
        <TopLine Value="2"/>
        <CursorPos X="10" Y="20"/>
        <UsageCount Value="90"/>
      </Unit24>
      <Unit25>
        <Filename Value="..\..\source\Gen2MP.inc"/>
        <EditorIndex Value="15"/>
        <TopLine Value="22"/>
        <CursorPos X="7" Y="39"/>
        <UsageCount Value="100"/>
        <Loaded Value="True"/>
      </Unit25>
      <Unit26>
        <Filename Value="..\..\source\G2Scene2D.pas"/>
        <UnitName Value="G2Scene2D"/>
        <EditorIndex Value="6"/>
        <TopLine Value="561"/>
        <CursorPos X="3" Y="579"/>
        <UsageCount Value="100"/>
        <Loaded Value="True"/>
      </Unit26>
      <Unit27>
        <Filename Value="..\..\source\box2d\box2d.pas"/>
        <UnitName Value="box2d"/>
        <EditorIndex Value="7"/>
        <TopLine Value="885"/>
        <CursorPos X="17" Y="859"/>
        <UsageCount Value="101"/>
        <Loaded Value="True"/>
      </Unit27>
      <Unit28>
        <Filename Value="..\..\source\G2DataManager.pas"/>
        <UnitName Value="G2DataManager"/>
        <EditorIndex Value="13"/>
        <TopLine Value="79"/>
        <CursorPos X="15" Y="93"/>
        <UsageCount Value="101"/>
        <Loaded Value="True"/>
      </Unit28>
      <Unit29>
        <Filename Value="..\..\source\G2ImagePNG.pas"/>
        <UnitName Value="G2ImagePNG"/>
        <EditorIndex Value="14"/>
        <TopLine Value="6"/>
        <CursorPos X="15" Y="25"/>
        <UsageCount Value="101"/>
        <Loaded Value="True"/>
      </Unit29>
      <Unit30>
        <Filename Value="C:\lazarus\fpc\2.6.4\source\rtl\inc\system.inc"/>
        <EditorIndex Value="-1"/>
        <CursorPos X="43" Y="15"/>
        <UsageCount Value="99"/>
      </Unit30>
      <Unit31>
        <Filename Value="C:\lazarus\components\lazutils\fileutil.inc"/>
        <EditorIndex Value="-1"/>
        <TopLine Value="601"/>
        <CursorPos X="32" Y="619"/>
        <UsageCount Value="90"/>
      </Unit31>
      <Unit32>
        <Filename Value="..\..\source\G2MeshData.pas"/>
        <EditorIndex Value="-1"/>
        <TopLine Value="240"/>
        <CursorPos X="35" Y="256"/>
        <UsageCount Value="89"/>
      </Unit32>
      <Unit33>
        <Filename Value="..\..\source\G2MeshG2M.pas"/>
        <UnitName Value="G2MeshG2M"/>
        <EditorIndex Value="5"/>
        <CursorPos X="76" Y="24"/>
        <UsageCount Value="100"/>
        <Loaded Value="True"/>
      </Unit33>
      <Unit34>
        <Filename Value="C:\lazarus\fpc\2.6.4\source\rtl\objpas\sysutils\finah.inc"/>
        <EditorIndex Value="-1"/>
        <TopLine Value="8"/>
        <CursorPos X="10" Y="27"/>
        <UsageCount Value="80"/>
      </Unit34>
      <Unit35>
        <Filename Value="C:\lazarus\fpc\2.6.4\source\rtl\inc\objpash.inc"/>
        <EditorIndex Value="-1"/>
        <TopLine Value="193"/>
        <CursorPos X="43" Y="206"/>
        <UsageCount Value="18"/>
      </Unit35>
      <Unit36>
        <Filename Value="C:\lazarus\fpc\2.6.4\source\packages\winunits-base\src\activex.pp"/>
        <EditorIndex Value="-1"/>
        <TopLine Value="1326"/>
        <CursorPos X="4" Y="1345"/>
        <UsageCount Value="25"/>
      </Unit36>
      <Unit37>
        <Filename Value="..\..\source\G2Image.pas"/>
        <UnitName Value="G2Image"/>
        <EditorIndex Value="12"/>
        <TopLine Value="52"/>
        <CursorPos X="15" Y="47"/>
        <UsageCount Value="89"/>
        <Loaded Value="True"/>
      </Unit37>
      <Unit38>
        <Filename Value="C:\lazarus\fpc\2.6.4\source\rtl\objpas\sysutils\syspchh.inc"/>
        <EditorIndex Value="-1"/>
        <TopLine Value="7"/>
        <CursorPos X="10" Y="38"/>
        <UsageCount Value="17"/>
      </Unit38>
      <Unit39>
        <Filename Value="C:\lazarus\fpc\2.6.4\source\rtl\objpas\sysutils\syspch.inc"/>
        <EditorIndex Value="-1"/>
        <TopLine Value="19"/>
        <CursorPos X="3" Y="35"/>
        <UsageCount Value="17"/>
      </Unit39>
      <Unit40>
        <Filename Value="C:\lazarus\fpc\2.6.4\source\rtl\win\wininc\base.inc"/>
        <EditorIndex Value="-1"/>
        <TopLine Value="257"/>
        <CursorPos X="6" Y="201"/>
        <UsageCount Value="16"/>
      </Unit40>
      <Unit41>
        <Filename Value="C:\lazarus\lcl\lcltype.pp"/>
        <UnitName Value="LCLType"/>
        <EditorIndex Value="4"/>
        <TopLine Value="2662"/>
        <CursorPos X="3" Y="2676"/>
        <UsageCount Value="38"/>
        <Loaded Value="True"/>
      </Unit41>
      <Unit42>
        <Filename Value="C:\lazarus\fpc\2.6.4\source\rtl\objpas\classes\classesh.inc"/>
        <EditorIndex Value="-1"/>
        <TopLine Value="940"/>
        <CursorPos X="3" Y="954"/>
        <UsageCount Value="6"/>
      </Unit42>
    </Units>
    <JumpHistory Count="30" HistoryIndex="29">
      <Position1>
        <Filename Value="Toolkit.pas"/>
        <Caret Line="25752" Column="122" TopLine="25745"/>
      </Position1>
      <Position2>
        <Filename Value="Toolkit.pas"/>
        <Caret Line="3472" Column="100" TopLine="3472"/>
      </Position2>
      <Position3>
        <Filename Value="Toolkit.pas"/>
        <Caret Line="25774" Column="31" TopLine="25757"/>
      </Position3>
      <Position4>
        <Filename Value="Toolkit.pas"/>
        <Caret Line="25827" Column="14" TopLine="25811"/>
      </Position4>
      <Position5>
        <Filename Value="Toolkit.pas"/>
        <Caret Line="25853" Column="55" TopLine="25836"/>
      </Position5>
      <Position6>
        <Filename Value="Toolkit.pas"/>
        <Caret Line="24871" Column="16" TopLine="24846"/>
      </Position6>
      <Position7>
        <Filename Value="Toolkit.pas"/>
        <Caret Line="24900" Column="13" TopLine="24869"/>
      </Position7>
      <Position8>
        <Filename Value="Toolkit.pas"/>
        <Caret Line="3297" Column="15" TopLine="3279"/>
      </Position8>
      <Position9>
        <Filename Value="Toolkit.pas"/>
        <Caret Line="3974" Column="27" TopLine="3956"/>
      </Position9>
      <Position10>
        <Filename Value="Toolkit.pas"/>
        <Caret Line="2690" Column="35" TopLine="2666"/>
      </Position10>
      <Position11>
        <Filename Value="Toolkit.pas"/>
        <Caret Line="20895" Column="53" TopLine="20880"/>
      </Position11>
      <Position12>
        <Filename Value="Toolkit.pas"/>
        <Caret Line="24935" TopLine="24907"/>
      </Position12>
      <Position13>
        <Filename Value="Toolkit.pas"/>
        <Caret Line="24936" TopLine="24907"/>
      </Position13>
      <Position14>
        <Filename Value="Toolkit.pas"/>
        <Caret Line="24937" TopLine="24908"/>
      </Position14>
      <Position15>
        <Filename Value="Toolkit.pas"/>
        <Caret Line="25123" Column="17" TopLine="25116"/>
      </Position15>
      <Position16>
        <Filename Value="Toolkit.pas"/>
        <Caret Line="25031" Column="70" TopLine="25011"/>
      </Position16>
      <Position17>
        <Filename Value="Toolkit.pas"/>
        <Caret Line="3456" Column="34" TopLine="3439"/>
      </Position17>
      <Position18>
        <Filename Value="Toolkit.pas"/>
        <Caret Line="3585" Column="65" TopLine="3497"/>
      </Position18>
      <Position19>
        <Filename Value="Toolkit.pas"/>
        <Caret Line="3293" Column="29" TopLine="3281"/>
      </Position19>
      <Position20>
        <Filename Value="Toolkit.pas"/>
        <Caret Line="3197" Column="15" TopLine="3194"/>
      </Position20>
      <Position21>
        <Filename Value="Toolkit.pas"/>
        <Caret Line="3308" Column="15" TopLine="3299"/>
      </Position21>
      <Position22>
        <Filename Value="Toolkit.pas"/>
        <Caret Line="25131" Column="9" TopLine="25085"/>
      </Position22>
      <Position23>
        <Filename Value="Toolkit.pas"/>
        <Caret Line="24942" Column="45" TopLine="24925"/>
      </Position23>
      <Position24>
        <Filename Value="Toolkit.pas"/>
        <Caret Line="24940" Column="75" TopLine="24923"/>
      </Position24>
      <Position25>
        <Filename Value="Toolkit.pas"/>
        <Caret Line="25038" Column="19" TopLine="25021"/>
      </Position25>
      <Position26>
        <Filename Value="Toolkit.pas"/>
        <Caret Line="25084" Column="25" TopLine="25068"/>
      </Position26>
      <Position27>
        <Filename Value="Toolkit.pas"/>
        <Caret Line="25095" Column="56" TopLine="25078"/>
      </Position27>
      <Position28>
        <Filename Value="Toolkit.pas"/>
        <Caret Line="25098" Column="24" TopLine="25079"/>
      </Position28>
      <Position29>
        <Filename Value="..\..\source\Gen2MP.pas"/>
        <Caret Line="639" Column="15" TopLine="625"/>
      </Position29>
      <Position30>
        <Filename Value="Toolkit.pas"/>
        <Caret Line="25102" Column="10" TopLine="25085"/>
      </Position30>
    </JumpHistory>
  </ProjectOptions>
  <CompilerOptions>
    <Version Value="11"/>
    <PathDelim Value="\"/>
    <Target>
      <Filename Value="g2mp_toolkit"/>
    </Target>
    <SearchPaths>
      <IncludeFiles Value="$(ProjOutDir)"/>
      <OtherUnitFiles Value="..\..\source;..\..\source\box2d"/>
      <UnitOutputDirectory Value="lib\$(TargetCPU)-$(TargetOS)"/>
    </SearchPaths>
    <Linking>
      <Options>
        <Win32>
          <GraphicApplication Value="True"/>
        </Win32>
      </Options>
    </Linking>
  </CompilerOptions>
  <Debugging>
    <Exceptions Count="3">
      <Item1>
        <Name Value="EAbort"/>
      </Item1>
      <Item2>
        <Name Value="ECodetoolError"/>
      </Item2>
      <Item3>
        <Name Value="EFOpenError"/>
      </Item3>
    </Exceptions>
  </Debugging>
</CONFIG>
